# This file is automatically @generated by Cargo.
# It is not intended for manual editing.
version = 4

[[package]]
name = "neco-felis-compile"
version = "0.1.0"
dependencies = [
 "neco-felis-elaboration",
 "neco-felis-syn",
 "neco-felis-typing",
 "neco-tempfile",
]

[[package]]
name = "neco-felis-elaboration"
version = "0.1.0"
dependencies = [
 "neco-felis-syn",
 "neco-scope",
]

[[package]]
name = "neco-felis-syn"
version = "0.1.0"

[[package]]
name = "neco-felis-typing"
version = "0.1.0"
dependencies = [
 "neco-felis-elaboration",
 "neco-felis-syn",
 "neco-scope",
]

[[package]]
name = "neco-scope"
version = "0.1.0"

[[package]]
name = "neco-tempfile"
version = "0.1.0"

[[package]]
name = "neco-typing"
version = "0.1.0"
